
Microsoft Visual Studio Solution File, Format Version 12.00
# Visual Studio 15
VisualStudioVersion = 15.0.28010.2019
MinimumVisualStudioVersion = 10.0.40219.1
Project("{00D1A9C2-B5F0-4AF3-8072-F6C62B433612}") = "ContosoUniversityData", "ContosoUniversityData\ContosoUniversityData.sqlproj", "{990770E6-1524-4A1B-B333-22F94B5E2AEB}"
EndProject
Global
	GlobalSection(SolutionConfigurationPlatforms) = preSolution
		Debug|Any CPU = Debug|Any CPU
		Release|Any CPU = Release|Any CPU
	EndGlobalSection
	GlobalSection(ProjectConfigurationPlatforms) = postSolution
		{990770E6-1524-4A1B-B333-22F94B5E2AEB}.Debug|Any CPU.ActiveCfg = Debug|Any CPU
		{990770E6-1524-4A1B-B333-22F94B5E2AEB}.Debug|Any CPU.Build.0 = Debug|Any CPU
		{990770E6-1524-4A1B-B333-22F94B5E2AEB}.Debug|Any CPU.Deploy.0 = Debug|Any CPU
		{990770E6-1524-4A1B-B333-22F94B5E2AEB}.Release|Any CPU.ActiveCfg = Release|Any CPU
		{990770E6-1524-4A1B-B333-22F94B5E2AEB}.Release|Any CPU.Build.0 = Release|Any CPU
		{990770E6-1524-4A1B-B333-22F94B5E2AEB}.Release|Any CPU.Deploy.0 = Release|Any CPU
	EndGlobalSection
	GlobalSection(SolutionProperties) = preSolution
		HideSolutionNode = FALSE
	EndGlobalSection
	GlobalSection(ExtensibilityGlobals) = postSolution
		SolutionGuid = {67B92901-0659-4B70-85F7-95244FE4BA51}
	EndGlobalSection
EndGlobal
